// !$*UTF8*$!
{
	archiveVersion = 1;
	classes = {
	};
	objectVersion = 46;
	objects = {

/* Begin PBXBuildFile section */
		3F2534011D937CF200530F0E /* FounderCell.swift in Sources */ = {isa = PBXBuildFile; fileRef = 3F2534001D937CF200530F0E /* FounderCell.swift */; };
		3F3FEED21DC8D6C300436C69 /* SyncHelper.swift in Sources */ = {isa = PBXBuildFile; fileRef = 3F3FEED11DC8D6C300436C69 /* SyncHelper.swift */; };
		3F6295C91DC8DEC600E365AC /* FounderDatabase.swift in Sources */ = {isa = PBXBuildFile; fileRef = 3F6295C81DC8DEC600E365AC /* FounderDatabase.swift */; };
		3F63E25D1DA31C8900D2B175 /* CircleTagButton.swift in Sources */ = {isa = PBXBuildFile; fileRef = 3F63E25C1DA31C8900D2B175 /* CircleTagButton.swift */; };
		3F6CED701DCEA18200ED6C1A /* AnalyticsHelper.swift in Sources */ = {isa = PBXBuildFile; fileRef = 3F6CED6F1DCEA18200ED6C1A /* AnalyticsHelper.swift */; };
		3F797A381DCA8B7A00BD6D20 /* HttpHelper.swift in Sources */ = {isa = PBXBuildFile; fileRef = 3F797A371DCA8B7A00BD6D20 /* HttpHelper.swift */; };
		3F8999831DCB849200957C08 /* PhotoManager.swift in Sources */ = {isa = PBXBuildFile; fileRef = 3F8999821DCB849200957C08 /* PhotoManager.swift */; };
		3FDEC9631D9351B100E82C48 /* Helpers.swift in Sources */ = {isa = PBXBuildFile; fileRef = 3FDEC9621D9351B100E82C48 /* Helpers.swift */; };
		3FED10931D9C091900C84541 /* ProfileViewControllerDataSource.swift in Sources */ = {isa = PBXBuildFile; fileRef = 3FED10921D9C091900C84541 /* ProfileViewControllerDataSource.swift */; };
		3FF253611D94E9F000B50FF3 /* CircleImageView.swift in Sources */ = {isa = PBXBuildFile; fileRef = 3FF253601D94E9F000B50FF3 /* CircleImageView.swift */; };
		3FF253631D95865500B50FF3 /* InfoCell.swift in Sources */ = {isa = PBXBuildFile; fileRef = 3FF253621D95865500B50FF3 /* InfoCell.swift */; };
		3FF253651D95865D00B50FF3 /* ProfileCell.swift in Sources */ = {isa = PBXBuildFile; fileRef = 3FF253641D95865D00B50FF3 /* ProfileCell.swift */; };
		3FF52DF01D931AA700C665EE /* AppDelegate.swift in Sources */ = {isa = PBXBuildFile; fileRef = 3FF52DEF1D931AA700C665EE /* AppDelegate.swift */; };
		3FF52DF51D931AA700C665EE /* Main.storyboard in Resources */ = {isa = PBXBuildFile; fileRef = 3FF52DF31D931AA700C665EE /* Main.storyboard */; };
		3FF52DF71D931AA700C665EE /* Assets.xcassets in Resources */ = {isa = PBXBuildFile; fileRef = 3FF52DF61D931AA700C665EE /* Assets.xcassets */; };
		3FF52DFA1D931AA700C665EE /* LaunchScreen.storyboard in Resources */ = {isa = PBXBuildFile; fileRef = 3FF52DF81D931AA700C665EE /* LaunchScreen.storyboard */; };
		3FF52E061D931B2000C665EE /* FoundersViewController.swift in Sources */ = {isa = PBXBuildFile; fileRef = 3FF52E051D931B2000C665EE /* FoundersViewController.swift */; };
		3FF52E081D931DCF00C665EE /* Founder.swift in Sources */ = {isa = PBXBuildFile; fileRef = 3FF52E071D931DCF00C665EE /* Founder.swift */; };
		3FF52E0A1D932A4D00C665EE /* ProfileViewController.swift in Sources */ = {isa = PBXBuildFile; fileRef = 3FF52E091D932A4D00C665EE /* ProfileViewController.swift */; };
		3FF52E0C1D93467200C665EE /* EditProfileViewController.swift in Sources */ = {isa = PBXBuildFile; fileRef = 3FF52E0B1D93467200C665EE /* EditProfileViewController.swift */; };
		98A3623CFE5D3ADD1355735B /* Pods_Founders_Directory.framework in Frameworks */ = {isa = PBXBuildFile; fileRef = 2AE0AE171EC9D7B454084317 /* Pods_Founders_Directory.framework */; };
/* End PBXBuildFile section */

/* Begin PBXFileReference section */
		1D2AB372FB55CFA44EB1B015 /* Pods-Founders Directory.debug.xcconfig */ = {isa = PBXFileReference; includeInIndex = 1; lastKnownFileType = text.xcconfig; name = "Pods-Founders Directory.debug.xcconfig"; path = "Pods/Target Support Files/Pods-Founders Directory/Pods-Founders Directory.debug.xcconfig"; sourceTree = "<group>"; };
		2AE0AE171EC9D7B454084317 /* Pods_Founders_Directory.framework */ = {isa = PBXFileReference; explicitFileType = wrapper.framework; includeInIndex = 0; path = Pods_Founders_Directory.framework; sourceTree = BUILT_PRODUCTS_DIR; };
		3F2534001D937CF200530F0E /* FounderCell.swift */ = {isa = PBXFileReference; fileEncoding = 4; lastKnownFileType = sourcecode.swift; path = FounderCell.swift; sourceTree = "<group>"; };
		3F3FEED11DC8D6C300436C69 /* SyncHelper.swift */ = {isa = PBXFileReference; fileEncoding = 4; lastKnownFileType = sourcecode.swift; path = SyncHelper.swift; sourceTree = "<group>"; };
		3F6295C81DC8DEC600E365AC /* FounderDatabase.swift */ = {isa = PBXFileReference; fileEncoding = 4; lastKnownFileType = sourcecode.swift; path = FounderDatabase.swift; sourceTree = "<group>"; };
		3F63E25C1DA31C8900D2B175 /* CircleTagButton.swift */ = {isa = PBXFileReference; fileEncoding = 4; lastKnownFileType = sourcecode.swift; path = CircleTagButton.swift; sourceTree = "<group>"; };
		3F6CED6F1DCEA18200ED6C1A /* AnalyticsHelper.swift */ = {isa = PBXFileReference; fileEncoding = 4; lastKnownFileType = sourcecode.swift; path = AnalyticsHelper.swift; sourceTree = "<group>"; };
		3F797A371DCA8B7A00BD6D20 /* HttpHelper.swift */ = {isa = PBXFileReference; fileEncoding = 4; lastKnownFileType = sourcecode.swift; path = HttpHelper.swift; sourceTree = "<group>"; };
		3F8999821DCB849200957C08 /* PhotoManager.swift */ = {isa = PBXFileReference; fileEncoding = 4; lastKnownFileType = sourcecode.swift; path = PhotoManager.swift; sourceTree = "<group>"; };
		3FDEC9621D9351B100E82C48 /* Helpers.swift */ = {isa = PBXFileReference; fileEncoding = 4; lastKnownFileType = sourcecode.swift; path = Helpers.swift; sourceTree = "<group>"; };
		3FED10921D9C091900C84541 /* ProfileViewControllerDataSource.swift */ = {isa = PBXFileReference; fileEncoding = 4; lastKnownFileType = sourcecode.swift; path = ProfileViewControllerDataSource.swift; sourceTree = "<group>"; };
		3FF253601D94E9F000B50FF3 /* CircleImageView.swift */ = {isa = PBXFileReference; fileEncoding = 4; lastKnownFileType = sourcecode.swift; path = CircleImageView.swift; sourceTree = "<group>"; };
		3FF253621D95865500B50FF3 /* InfoCell.swift */ = {isa = PBXFileReference; fileEncoding = 4; lastKnownFileType = sourcecode.swift; path = InfoCell.swift; sourceTree = "<group>"; };
		3FF253641D95865D00B50FF3 /* ProfileCell.swift */ = {isa = PBXFileReference; fileEncoding = 4; lastKnownFileType = sourcecode.swift; path = ProfileCell.swift; sourceTree = "<group>"; };
		3FF52DEC1D931AA700C665EE /* Founders Directory.app */ = {isa = PBXFileReference; explicitFileType = wrapper.application; includeInIndex = 0; path = "Founders Directory.app"; sourceTree = BUILT_PRODUCTS_DIR; };
		3FF52DEF1D931AA700C665EE /* AppDelegate.swift */ = {isa = PBXFileReference; lastKnownFileType = sourcecode.swift; path = AppDelegate.swift; sourceTree = "<group>"; };
		3FF52DF41D931AA700C665EE /* Base */ = {isa = PBXFileReference; lastKnownFileType = file.storyboard; name = Base; path = Base.lproj/Main.storyboard; sourceTree = "<group>"; };
		3FF52DF61D931AA700C665EE /* Assets.xcassets */ = {isa = PBXFileReference; lastKnownFileType = folder.assetcatalog; path = Assets.xcassets; sourceTree = "<group>"; };
		3FF52DF91D931AA700C665EE /* Base */ = {isa = PBXFileReference; lastKnownFileType = file.storyboard; name = Base; path = Base.lproj/LaunchScreen.storyboard; sourceTree = "<group>"; };
		3FF52DFB1D931AA700C665EE /* Info.plist */ = {isa = PBXFileReference; lastKnownFileType = text.plist.xml; path = Info.plist; sourceTree = "<group>"; };
		3FF52E051D931B2000C665EE /* FoundersViewController.swift */ = {isa = PBXFileReference; fileEncoding = 4; lastKnownFileType = sourcecode.swift; path = FoundersViewController.swift; sourceTree = "<group>"; };
		3FF52E071D931DCF00C665EE /* Founder.swift */ = {isa = PBXFileReference; fileEncoding = 4; lastKnownFileType = sourcecode.swift; path = Founder.swift; sourceTree = "<group>"; };
		3FF52E091D932A4D00C665EE /* ProfileViewController.swift */ = {isa = PBXFileReference; fileEncoding = 4; lastKnownFileType = sourcecode.swift; path = ProfileViewController.swift; sourceTree = "<group>"; };
		3FF52E0B1D93467200C665EE /* EditProfileViewController.swift */ = {isa = PBXFileReference; fileEncoding = 4; lastKnownFileType = sourcecode.swift; path = EditProfileViewController.swift; sourceTree = "<group>"; };
		E251C96F74EFDD4B9B0C0020 /* Pods-Founders Directory.release.xcconfig */ = {isa = PBXFileReference; includeInIndex = 1; lastKnownFileType = text.xcconfig; name = "Pods-Founders Directory.release.xcconfig"; path = "Pods/Target Support Files/Pods-Founders Directory/Pods-Founders Directory.release.xcconfig"; sourceTree = "<group>"; };
/* End PBXFileReference section */

/* Begin PBXFrameworksBuildPhase section */
		3FF52DE91D931AA700C665EE /* Frameworks */ = {
			isa = PBXFrameworksBuildPhase;
			buildActionMask = 2147483647;
			files = (
				98A3623CFE5D3ADD1355735B /* Pods_Founders_Directory.framework in Frameworks */,
			);
			runOnlyForDeploymentPostprocessing = 0;
		};
/* End PBXFrameworksBuildPhase section */

/* Begin PBXGroup section */
		0E5F50095D69A88C3F3B4AE0 /* Frameworks */ = {
			isa = PBXGroup;
			children = (
				2AE0AE171EC9D7B454084317 /* Pods_Founders_Directory.framework */,
			);
			name = Frameworks;
			sourceTree = "<group>";
		};
		3FF253661D95CD4600B50FF3 /* Utilities */ = {
			isa = PBXGroup;
			children = (
				3FDEC9621D9351B100E82C48 /* Helpers.swift */,
				3F797A371DCA8B7A00BD6D20 /* HttpHelper.swift */,
				3F8999821DCB849200957C08 /* PhotoManager.swift */,
				3F3FEED11DC8D6C300436C69 /* SyncHelper.swift */,
				3F6CED6F1DCEA18200ED6C1A /* AnalyticsHelper.swift */,
			);
			name = Utilities;
			sourceTree = "<group>";
		};
		3FF52DE31D931AA700C665EE = {
			isa = PBXGroup;
			children = (
				3FF52DEE1D931AA700C665EE /* Founders Directory */,
				3FF52DED1D931AA700C665EE /* Products */,
				BDB0DDC7C9E25597D846F80A /* Pods */,
				0E5F50095D69A88C3F3B4AE0 /* Frameworks */,
			);
			sourceTree = "<group>";
		};
		3FF52DED1D931AA700C665EE /* Products */ = {
			isa = PBXGroup;
			children = (
				3FF52DEC1D931AA700C665EE /* Founders Directory.app */,
			);
			name = Products;
			sourceTree = "<group>";
		};
		3FF52DEE1D931AA700C665EE /* Founders Directory */ = {
			isa = PBXGroup;
			children = (
				3FF52E031D931AE500C665EE /* Model */,
				3FF52E021D931ADF00C665EE /* View */,
				3FF52E011D931AD800C665EE /* Controller */,
				3FF253661D95CD4600B50FF3 /* Utilities */,
				3FF52E041D931AED00C665EE /* Supporting Files */,
				3FF52DF61D931AA700C665EE /* Assets.xcassets */,
			);
			path = "Founders Directory";
			sourceTree = "<group>";
		};
		3FF52E011D931AD800C665EE /* Controller */ = {
			isa = PBXGroup;
			children = (
				3FF52E0B1D93467200C665EE /* EditProfileViewController.swift */,
				3FF52E051D931B2000C665EE /* FoundersViewController.swift */,
				3FF52E091D932A4D00C665EE /* ProfileViewController.swift */,
				3FED10921D9C091900C84541 /* ProfileViewControllerDataSource.swift */,
			);
			name = Controller;
			sourceTree = "<group>";
		};
		3FF52E021D931ADF00C665EE /* View */ = {
			isa = PBXGroup;
			children = (
				3FF52DF31D931AA700C665EE /* Main.storyboard */,
				3F2534001D937CF200530F0E /* FounderCell.swift */,
				3FF253621D95865500B50FF3 /* InfoCell.swift */,
				3FF253641D95865D00B50FF3 /* ProfileCell.swift */,
				3FF253601D94E9F000B50FF3 /* CircleImageView.swift */,
				3F63E25C1DA31C8900D2B175 /* CircleTagButton.swift */,
			);
			name = View;
			sourceTree = "<group>";
		};
		3FF52E031D931AE500C665EE /* Model */ = {
			isa = PBXGroup;
			children = (
				3FF52E071D931DCF00C665EE /* Founder.swift */,
				3F6295C81DC8DEC600E365AC /* FounderDatabase.swift */,
			);
			name = Model;
			sourceTree = "<group>";
		};
		3FF52E041D931AED00C665EE /* Supporting Files */ = {
			isa = PBXGroup;
			children = (
				3FF52DEF1D931AA700C665EE /* AppDelegate.swift */,
				3FF52DFB1D931AA700C665EE /* Info.plist */,
				3FF52DF81D931AA700C665EE /* LaunchScreen.storyboard */,
			);
			name = "Supporting Files";
			sourceTree = "<group>";
		};
		BDB0DDC7C9E25597D846F80A /* Pods */ = {
			isa = PBXGroup;
			children = (
				1D2AB372FB55CFA44EB1B015 /* Pods-Founders Directory.debug.xcconfig */,
				E251C96F74EFDD4B9B0C0020 /* Pods-Founders Directory.release.xcconfig */,
			);
			name = Pods;
			sourceTree = "<group>";
		};
/* End PBXGroup section */

/* Begin PBXNativeTarget section */
		3FF52DEB1D931AA700C665EE /* Founders Directory */ = {
			isa = PBXNativeTarget;
			buildConfigurationList = 3FF52DFE1D931AA700C665EE /* Build configuration list for PBXNativeTarget "Founders Directory" */;
			buildPhases = (
				CCFC7C3BDF3A5AE0E820B6D1 /* [CP] Check Pods Manifest.lock */,
				3FF52DE81D931AA700C665EE /* Sources */,
				3FF52DE91D931AA700C665EE /* Frameworks */,
				3FF52DEA1D931AA700C665EE /* Resources */,
				FFEEB3B82607F8A54F56DD1E /* [CP] Embed Pods Frameworks */,
				8F8A0924E5421CB52B09E935 /* [CP] Copy Pods Resources */,
			);
			buildRules = (
			);
			dependencies = (
			);
			name = "Founders Directory";
			productName = "Founders Directory";
			productReference = 3FF52DEC1D931AA700C665EE /* Founders Directory.app */;
			productType = "com.apple.product-type.application";
		};
/* End PBXNativeTarget section */

/* Begin PBXProject section */
		3FF52DE41D931AA700C665EE /* Project object */ = {
			isa = PBXProject;
			attributes = {
				LastSwiftUpdateCheck = 0800;
				LastUpgradeCheck = 0810;
				ORGANIZATIONNAME = "Steve Liddle";
				TargetAttributes = {
					3FF52DEB1D931AA700C665EE = {
						CreatedOnToolsVersion = 8.0;
						DevelopmentTeam = KFPSLPBU25;
						ProvisioningStyle = Automatic;
					};
				};
			};
			buildConfigurationList = 3FF52DE71D931AA700C665EE /* Build configuration list for PBXProject "Founders Directory" */;
			compatibilityVersion = "Xcode 3.2";
			developmentRegion = English;
			hasScannedForEncodings = 0;
			knownRegions = (
				en,
				Base,
			);
			mainGroup = 3FF52DE31D931AA700C665EE;
			productRefGroup = 3FF52DED1D931AA700C665EE /* Products */;
			projectDirPath = "";
			projectRoot = "";
			targets = (
				3FF52DEB1D931AA700C665EE /* Founders Directory */,
			);
		};
/* End PBXProject section */

/* Begin PBXResourcesBuildPhase section */
		3FF52DEA1D931AA700C665EE /* Resources */ = {
			isa = PBXResourcesBuildPhase;
			buildActionMask = 2147483647;
			files = (
				3FF52DFA1D931AA700C665EE /* LaunchScreen.storyboard in Resources */,
				3FF52DF71D931AA700C665EE /* Assets.xcassets in Resources */,
				3FF52DF51D931AA700C665EE /* Main.storyboard in Resources */,
			);
			runOnlyForDeploymentPostprocessing = 0;
		};
/* End PBXResourcesBuildPhase section */

/* Begin PBXShellScriptBuildPhase section */
		8F8A0924E5421CB52B09E935 /* [CP] Copy Pods Resources */ = {
			isa = PBXShellScriptBuildPhase;
			buildActionMask = 2147483647;
			files = (
			);
			inputPaths = (
			);
			name = "[CP] Copy Pods Resources";
			outputPaths = (
			);
			runOnlyForDeploymentPostprocessing = 0;
			shellPath = /bin/sh;
			shellScript = "\"${SRCROOT}/Pods/Target Support Files/Pods-Founders Directory/Pods-Founders Directory-resources.sh\"\n";
			showEnvVarsInLog = 0;
		};
		CCFC7C3BDF3A5AE0E820B6D1 /* [CP] Check Pods Manifest.lock */ = {
			isa = PBXShellScriptBuildPhase;
			buildActionMask = 2147483647;
			files = (
			);
			inputPaths = (
			);
			name = "[CP] Check Pods Manifest.lock";
			outputPaths = (
			);
			runOnlyForDeploymentPostprocessing = 0;
			shellPath = /bin/sh;
			shellScript = "diff \"${PODS_ROOT}/../Podfile.lock\" \"${PODS_ROOT}/Manifest.lock\" > /dev/null\nif [ $? != 0 ] ; then\n    # print error to STDERR\n    echo \"error: The sandbox is not in sync with the Podfile.lock. Run 'pod install' or update your CocoaPods installation.\" >&2\n    exit 1\nfi\n";
			showEnvVarsInLog = 0;
		};
		FFEEB3B82607F8A54F56DD1E /* [CP] Embed Pods Frameworks */ = {
			isa = PBXShellScriptBuildPhase;
			buildActionMask = 2147483647;
			files = (
			);
			inputPaths = (
			);
			name = "[CP] Embed Pods Frameworks";
			outputPaths = (
			);
			runOnlyForDeploymentPostprocessing = 0;
			shellPath = /bin/sh;
			shellScript = "\"${SRCROOT}/Pods/Target Support Files/Pods-Founders Directory/Pods-Founders Directory-frameworks.sh\"\n";
			showEnvVarsInLog = 0;
		};
/* End PBXShellScriptBuildPhase section */

/* Begin PBXSourcesBuildPhase section */
		3FF52DE81D931AA700C665EE /* Sources */ = {
			isa = PBXSourcesBuildPhase;
			buildActionMask = 2147483647;
			files = (
				3FF52E061D931B2000C665EE /* FoundersViewController.swift in Sources */,
				3FF52DF01D931AA700C665EE /* AppDelegate.swift in Sources */,
				3F8999831DCB849200957C08 /* PhotoManager.swift in Sources */,
				3F63E25D1DA31C8900D2B175 /* CircleTagButton.swift in Sources */,
				3FED10931D9C091900C84541 /* ProfileViewControllerDataSource.swift in Sources */,
				3F6295C91DC8DEC600E365AC /* FounderDatabase.swift in Sources */,
				3F3FEED21DC8D6C300436C69 /* SyncHelper.swift in Sources */,
				3F6CED701DCEA18200ED6C1A /* AnalyticsHelper.swift in Sources */,
				3FF52E0A1D932A4D00C665EE /* ProfileViewController.swift in Sources */,
				3FF52E0C1D93467200C665EE /* EditProfileViewController.swift in Sources */,
				3F2534011D937CF200530F0E /* FounderCell.swift in Sources */,
				3FF52E081D931DCF00C665EE /* Founder.swift in Sources */,
				3FF253611D94E9F000B50FF3 /* CircleImageView.swift in Sources */,
				3F797A381DCA8B7A00BD6D20 /* HttpHelper.swift in Sources */,
				3FF253651D95865D00B50FF3 /* ProfileCell.swift in Sources */,
				3FDEC9631D9351B100E82C48 /* Helpers.swift in Sources */,
				3FF253631D95865500B50FF3 /* InfoCell.swift in Sources */,
			);
			runOnlyForDeploymentPostprocessing = 0;
		};
/* End PBXSourcesBuildPhase section */

/* Begin PBXVariantGroup section */
		3FF52DF31D931AA700C665EE /* Main.storyboard */ = {
			isa = PBXVariantGroup;
			children = (
				3FF52DF41D931AA700C665EE /* Base */,
			);
			name = Main.storyboard;
			sourceTree = "<group>";
		};
		3FF52DF81D931AA700C665EE /* LaunchScreen.storyboard */ = {
			isa = PBXVariantGroup;
			children = (
				3FF52DF91D931AA700C665EE /* Base */,
			);
			name = LaunchScreen.storyboard;
			sourceTree = "<group>";
		};
/* End PBXVariantGroup section */

/* Begin XCBuildConfiguration section */
		3FF52DFC1D931AA700C665EE /* Debug */ = {
			isa = XCBuildConfiguration;
			buildSettings = {
				ALWAYS_SEARCH_USER_PATHS = NO;
				CLANG_ANALYZER_NONNULL = YES;
				CLANG_CXX_LANGUAGE_STANDARD = "gnu++0x";
				CLANG_CXX_LIBRARY = "libc++";
				CLANG_ENABLE_MODULES = YES;
				CLANG_ENABLE_OBJC_ARC = YES;
				CLANG_WARN_BOOL_CONVERSION = YES;
				CLANG_WARN_CONSTANT_CONVERSION = YES;
				CLANG_WARN_DIRECT_OBJC_ISA_USAGE = YES_ERROR;
				CLANG_WARN_DOCUMENTATION_COMMENTS = YES;
				CLANG_WARN_EMPTY_BODY = YES;
				CLANG_WARN_ENUM_CONVERSION = YES;
				CLANG_WARN_INFINITE_RECURSION = YES;
				CLANG_WARN_INT_CONVERSION = YES;
				CLANG_WARN_OBJC_ROOT_CLASS = YES_ERROR;
				CLANG_WARN_SUSPICIOUS_MOVE = YES;
				CLANG_WARN_SUSPICIOUS_MOVES = YES;
				CLANG_WARN_UNREACHABLE_CODE = YES;
				CLANG_WARN__DUPLICATE_METHOD_MATCH = YES;
				"CODE_SIGN_IDENTITY[sdk=iphoneos*]" = "iPhone Developer";
				COPY_PHASE_STRIP = NO;
				DEBUG_INFORMATION_FORMAT = dwarf;
				ENABLE_STRICT_OBJC_MSGSEND = YES;
				ENABLE_TESTABILITY = YES;
				GCC_C_LANGUAGE_STANDARD = gnu99;
				GCC_DYNAMIC_NO_PIC = NO;
				GCC_NO_COMMON_BLOCKS = YES;
				GCC_OPTIMIZATION_LEVEL = 0;
				GCC_PREPROCESSOR_DEFINITIONS = (
					"DEBUG=1",
					"$(inherited)",
				);
				GCC_WARN_64_TO_32_BIT_CONVERSION = YES;
				GCC_WARN_ABOUT_RETURN_TYPE = YES_ERROR;
				GCC_WARN_UNDECLARED_SELECTOR = YES;
				GCC_WARN_UNINITIALIZED_AUTOS = YES_AGGRESSIVE;
				GCC_WARN_UNUSED_FUNCTION = YES;
				GCC_WARN_UNUSED_VARIABLE = YES;
				IPHONEOS_DEPLOYMENT_TARGET = 10.0;
				MTL_ENABLE_DEBUG_INFO = YES;
				ONLY_ACTIVE_ARCH = YES;
				SDKROOT = iphoneos;
				SWIFT_ACTIVE_COMPILATION_CONDITIONS = DEBUG;
				SWIFT_OPTIMIZATION_LEVEL = "-Onone";
				TARGETED_DEVICE_FAMILY = "1,2";
			};
			name = Debug;
		};
		3FF52DFD1D931AA700C665EE /* Release */ = {
			isa = XCBuildConfiguration;
			buildSettings = {
				ALWAYS_SEARCH_USER_PATHS = NO;
				CLANG_ANALYZER_NONNULL = YES;
				CLANG_CXX_LANGUAGE_STANDARD = "gnu++0x";
				CLANG_CXX_LIBRARY = "libc++";
				CLANG_ENABLE_MODULES = YES;
				CLANG_ENABLE_OBJC_ARC = YES;
				CLANG_WARN_BOOL_CONVERSION = YES;
				CLANG_WARN_CONSTANT_CONVERSION = YES;
				CLANG_WARN_DIRECT_OBJC_ISA_USAGE = YES_ERROR;
				CLANG_WARN_DOCUMENTATION_COMMENTS = YES;
				CLANG_WARN_EMPTY_BODY = YES;
				CLANG_WARN_ENUM_CONVERSION = YES;
				CLANG_WARN_INFINITE_RECURSION = YES;
				CLANG_WARN_INT_CONVERSION = YES;
				CLANG_WARN_OBJC_ROOT_CLASS = YES_ERROR;
				CLANG_WARN_SUSPICIOUS_MOVE = YES;
				CLANG_WARN_SUSPICIOUS_MOVES = YES;
				CLANG_WARN_UNREACHABLE_CODE = YES;
				CLANG_WARN__DUPLICATE_METHOD_MATCH = YES;
				"CODE_SIGN_IDENTITY[sdk=iphoneos*]" = "iPhone Developer";
				COPY_PHASE_STRIP = NO;
				DEBUG_INFORMATION_FORMAT = "dwarf-with-dsym";
				ENABLE_NS_ASSERTIONS = NO;
				ENABLE_STRICT_OBJC_MSGSEND = YES;
				GCC_C_LANGUAGE_STANDARD = gnu99;
				GCC_NO_COMMON_BLOCKS = YES;
				GCC_WARN_64_TO_32_BIT_CONVERSION = YES;
				GCC_WARN_ABOUT_RETURN_TYPE = YES_ERROR;
				GCC_WARN_UNDECLARED_SELECTOR = YES;
				GCC_WARN_UNINITIALIZED_AUTOS = YES_AGGRESSIVE;
				GCC_WARN_UNUSED_FUNCTION = YES;
				GCC_WARN_UNUSED_VARIABLE = YES;
				IPHONEOS_DEPLOYMENT_TARGET = 10.0;
				MTL_ENABLE_DEBUG_INFO = NO;
				SDKROOT = iphoneos;
				SWIFT_OPTIMIZATION_LEVEL = "-Owholemodule";
				TARGETED_DEVICE_FAMILY = "1,2";
				VALIDATE_PRODUCT = YES;
			};
			name = Release;
		};
		3FF52DFF1D931AA700C665EE /* Debug */ = {
			isa = XCBuildConfiguration;
			baseConfigurationReference = 1D2AB372FB55CFA44EB1B015 /* Pods-Founders Directory.debug.xcconfig */;
			buildSettings = {
				ALWAYS_EMBED_SWIFT_STANDARD_LIBRARIES = YES;
				ASSETCATALOG_COMPILER_APPICON_NAME = AppIcon;
				DEVELOPMENT_TEAM = KFPSLPBU25;
				INFOPLIST_FILE = "Founders Directory/Info.plist";
				LD_RUNPATH_SEARCH_PATHS = "$(inherited) @executable_path/Frameworks";
				PRODUCT_BUNDLE_IDENTIFIER = "edu.byu.is543.Founders-Directory";
				PRODUCT_NAME = "$(TARGET_NAME)";
				SWIFT_VERSION = 3.0;
			};
			name = Debug;
		};
		3FF52E001D931AA700C665EE /* Release */ = {
			isa = XCBuildConfiguration;
			baseConfigurationReference = E251C96F74EFDD4B9B0C0020 /* Pods-Founders Directory.release.xcconfig */;
			buildSettings = {
				ALWAYS_EMBED_SWIFT_STANDARD_LIBRARIES = YES;
				ASSETCATALOG_COMPILER_APPICON_NAME = AppIcon;
				DEVELOPMENT_TEAM = KFPSLPBU25;
				INFOPLIST_FILE = "Founders Directory/Info.plist";
				LD_RUNPATH_SEARCH_PATHS = "$(inherited) @executable_path/Frameworks";
				PRODUCT_BUNDLE_IDENTIFIER = "edu.byu.is543.Founders-Directory";
				PRODUCT_NAME = "$(TARGET_NAME)";
				SWIFT_VERSION = 3.0;
			};
			name = Release;
		};
/* End XCBuildConfiguration section */

/* Begin XCConfigurationList section */
		3FF52DE71D931AA700C665EE /* Build configuration list for PBXProject "Founders Directory" */ = {
			isa = XCConfigurationList;
			buildConfigurations = (
				3FF52DFC1D931AA700C665EE /* Debug */,
				3FF52DFD1D931AA700C665EE /* Release */,
			);
			defaultConfigurationIsVisible = 0;
			defaultConfigurationName = Release;
		};
		3FF52DFE1D931AA700C665EE /* Build configuration list for PBXNativeTarget "Founders Directory" */ = {
			isa = XCConfigurationList;
			buildConfigurations = (
				3FF52DFF1D931AA700C665EE /* Debug */,
				3FF52E001D931AA700C665EE /* Release */,
			);
			defaultConfigurationIsVisible = 0;
			defaultConfigurationName = Release;
		};
/* End XCConfigurationList section */
	};
	rootObject = 3FF52DE41D931AA700C665EE /* Project object */;
}
